
Microsoft Visual Studio Solution File, Format Version 12.00
# Visual Studio Version 17
VisualStudioVersion = 17.10.35027.167
MinimumVisualStudioVersion = 10.0.40219.1
Project("{9A19103F-16F7-4668-BE54-9A1E7A4F7556}") = "ArchivosEsenciales", "ArchivosEsenciales.csproj", "{047E5C0F-E1DC-4E10-B070-FD3371873B21}"
EndProject
Project("{9A19103F-16F7-4668-BE54-9A1E7A4F7556}") = "ArchivosEsenciales.Desktop", "..\ArchivosEsenciales.Desktop\ArchivosEsenciales.Desktop.csproj", "{9996DEF0-DF26-424E-BE70-EF0BA87B8727}"
EndProject
Global
	GlobalSection(SolutionConfigurationPlatforms) = preSolution
		Debug|Any CPU = Debug|Any CPU
		Release|Any CPU = Release|Any CPU
	EndGlobalSection
	GlobalSection(ProjectConfigurationPlatforms) = postSolution
		{047E5C0F-E1DC-4E10-B070-FD3371873B21}.Debug|Any CPU.ActiveCfg = Debug|Any CPU
		{047E5C0F-E1DC-4E10-B070-FD3371873B21}.Debug|Any CPU.Build.0 = Debug|Any CPU
		{047E5C0F-E1DC-4E10-B070-FD3371873B21}.Release|Any CPU.ActiveCfg = Release|Any CPU
		{047E5C0F-E1DC-4E10-B070-FD3371873B21}.Release|Any CPU.Build.0 = Release|Any CPU
		{9996DEF0-DF26-424E-BE70-EF0BA87B8727}.Debug|Any CPU.ActiveCfg = Debug|Any CPU
		{9996DEF0-DF26-424E-BE70-EF0BA87B8727}.Debug|Any CPU.Build.0 = Debug|Any CPU
		{9996DEF0-DF26-424E-BE70-EF0BA87B8727}.Release|Any CPU.ActiveCfg = Release|Any CPU
		{9996DEF0-DF26-424E-BE70-EF0BA87B8727}.Release|Any CPU.Build.0 = Release|Any CPU
	EndGlobalSection
	GlobalSection(SolutionProperties) = preSolution
		HideSolutionNode = FALSE
	EndGlobalSection
	GlobalSection(ExtensibilityGlobals) = postSolution
		SolutionGuid = {DF4A5437-7797-4F9E-9F01-84C3274AC8DB}
	EndGlobalSection
EndGlobal
